
Microsoft Visual Studio Solution File, Format Version 12.00
# Visual Studio Version 16
VisualStudioVersion = 16.0.31313.79
MinimumVisualStudioVersion = 10.0.40219.1
Project("{FAE04EC0-301F-11D3-BF4B-00C04F79EFBC}") = "WpfApp1", "WpfApp1\WpfApp1.csproj", "{F9FECF53-8E80-441C-BDD2-D401C333B938}"
EndProject
Global
	GlobalSection(SolutionConfigurationPlatforms) = preSolution
		Debug|Any CPU = Debug|Any CPU
		Release|Any CPU = Release|Any CPU
	EndGlobalSection
	GlobalSection(ProjectConfigurationPlatforms) = postSolution
		{F9FECF53-8E80-441C-BDD2-D401C333B938}.Debug|Any CPU.ActiveCfg = Debug|Any CPU
		{F9FECF53-8E80-441C-BDD2-D401C333B938}.Debug|Any CPU.Build.0 = Debug|Any CPU
		{F9FECF53-8E80-441C-BDD2-D401C333B938}.Release|Any CPU.ActiveCfg = Release|Any CPU
		{F9FECF53-8E80-441C-BDD2-D401C333B938}.Release|Any CPU.Build.0 = Release|Any CPU
	EndGlobalSection
	GlobalSection(SolutionProperties) = preSolution
		HideSolutionNode = FALSE
	EndGlobalSection
	GlobalSection(ExtensibilityGlobals) = postSolution
		SolutionGuid = {D0D43040-EBED-4E46-9003-E868CD7B5264}
	EndGlobalSection
EndGlobal
